// !$*UTF8*$!
{
	archiveVersion = 1;
	classes = {
	};
	objectVersion = 46;
	objects = {

/* Begin PBXBuildFile section */
		4A4923D41513B2930000D870 /* UIKit.framework in Frameworks */ = {isa = PBXBuildFile; fileRef = 4A4923D31513B2930000D870 /* UIKit.framework */; };
		4A4923D61513B2930000D870 /* Foundation.framework in Frameworks */ = {isa = PBXBuildFile; fileRef = 4A4923D51513B2930000D870 /* Foundation.framework */; };
		4A4923D81513B2930000D870 /* CoreGraphics.framework in Frameworks */ = {isa = PBXBuildFile; fileRef = 4A4923D71513B2930000D870 /* CoreGraphics.framework */; };
		4A4923DE1513B2930000D870 /* InfoPlist.strings in Resources */ = {isa = PBXBuildFile; fileRef = 4A4923DC1513B2930000D870 /* InfoPlist.strings */; };
		4A4923E01513B2930000D870 /* main.m in Sources */ = {isa = PBXBuildFile; fileRef = 4A4923DF1513B2930000D870 /* main.m */; };
		4A4923E41513B2930000D870 /* AppDelegate.m in Sources */ = {isa = PBXBuildFile; fileRef = 4A4923E31513B2930000D870 /* AppDelegate.m */; };
		4A4923E71513B2930000D870 /* MainStoryboard.storyboard in Resources */ = {isa = PBXBuildFile; fileRef = 4A4923E51513B2930000D870 /* MainStoryboard.storyboard */; };
		4A4923EA1513B2930000D870 /* ViewController.m in Sources */ = {isa = PBXBuildFile; fileRef = 4A4923E91513B2930000D870 /* ViewController.m */; };
		4A4923F21513B2930000D870 /* SenTestingKit.framework in Frameworks */ = {isa = PBXBuildFile; fileRef = 4A4923F11513B2930000D870 /* SenTestingKit.framework */; };
		4A4923F31513B2930000D870 /* UIKit.framework in Frameworks */ = {isa = PBXBuildFile; fileRef = 4A4923D31513B2930000D870 /* UIKit.framework */; };
		4A4923F41513B2930000D870 /* Foundation.framework in Frameworks */ = {isa = PBXBuildFile; fileRef = 4A4923D51513B2930000D870 /* Foundation.framework */; };
		4A4923FC1513B2930000D870 /* InfoPlist.strings in Resources */ = {isa = PBXBuildFile; fileRef = 4A4923FA1513B2930000D870 /* InfoPlist.strings */; };
		4A4923FF1513B2930000D870 /* market_prototypeTests.m in Sources */ = {isa = PBXBuildFile; fileRef = 4A4923FE1513B2930000D870 /* market_prototypeTests.m */; };
/* End PBXBuildFile section */

/* Begin PBXContainerItemProxy section */
		4A4923F51513B2930000D870 /* PBXContainerItemProxy */ = {
			isa = PBXContainerItemProxy;
			containerPortal = 4A4923C61513B2930000D870 /* Project object */;
			proxyType = 1;
			remoteGlobalIDString = 4A4923CE1513B2930000D870;
			remoteInfo = market.prototype;
		};
/* End PBXContainerItemProxy section */

/* Begin PBXFileReference section */
		4A4923CF1513B2930000D870 /* market.prototype.app */ = {isa = PBXFileReference; explicitFileType = wrapper.application; includeInIndex = 0; path = market.prototype.app; sourceTree = BUILT_PRODUCTS_DIR; };
		4A4923D31513B2930000D870 /* UIKit.framework */ = {isa = PBXFileReference; lastKnownFileType = wrapper.framework; name = UIKit.framework; path = System/Library/Frameworks/UIKit.framework; sourceTree = SDKROOT; };
		4A4923D51513B2930000D870 /* Foundation.framework */ = {isa = PBXFileReference; lastKnownFileType = wrapper.framework; name = Foundation.framework; path = System/Library/Frameworks/Foundation.framework; sourceTree = SDKROOT; };
		4A4923D71513B2930000D870 /* CoreGraphics.framework */ = {isa = PBXFileReference; lastKnownFileType = wrapper.framework; name = CoreGraphics.framework; path = System/Library/Frameworks/CoreGraphics.framework; sourceTree = SDKROOT; };
		4A4923DB1513B2930000D870 /* market.prototype-Info.plist */ = {isa = PBXFileReference; path = "market.prototype-Info.plist"; sourceTree = "<group>"; };
		4A4923DD1513B2930000D870 /* en */ = {isa = PBXFileReference; lastKnownFileType = text.plist.strings; name = en; path = en.lproj/InfoPlist.strings; sourceTree = "<group>"; };
		4A4923DF1513B2930000D870 /* main.m */ = {isa = PBXFileReference; lastKnownFileType = sourcecode.c.objc; path = main.m; sourceTree = "<group>"; };
		4A4923E11513B2930000D870 /* market.prototype-Prefix.pch */ = {isa = PBXFileReference; path = "market.prototype-Prefix.pch"; sourceTree = "<group>"; };
		4A4923E21513B2930000D870 /* AppDelegate.h */ = {isa = PBXFileReference; path = AppDelegate.h; sourceTree = "<group>"; };
		4A4923E31513B2930000D870 /* AppDelegate.m */ = {isa = PBXFileReference; lastKnownFileType = sourcecode.c.objc; path = AppDelegate.m; sourceTree = "<group>"; };
		4A4923E61513B2930000D870 /* en */ = {isa = PBXFileReference; lastKnownFileType = file.storyboard; name = en; path = en.lproj/MainStoryboard.storyboard; sourceTree = "<group>"; };
		4A4923E81513B2930000D870 /* ViewController.h */ = {isa = PBXFileReference; path = ViewController.h; sourceTree = "<group>"; };
		4A4923E91513B2930000D870 /* ViewController.m */ = {isa = PBXFileReference; lastKnownFileType = sourcecode.c.objc; path = ViewController.m; sourceTree = "<group>"; };
		4A4923F01513B2930000D870 /* market.prototypeTests.octest */ = {isa = PBXFileReference; explicitFileType = wrapper.cfbundle; includeInIndex = 0; path = market.prototypeTests.octest; sourceTree = BUILT_PRODUCTS_DIR; };
		4A4923F11513B2930000D870 /* SenTestingKit.framework */ = {isa = PBXFileReference; lastKnownFileType = wrapper.framework; name = SenTestingKit.framework; path = Library/Frameworks/SenTestingKit.framework; sourceTree = DEVELOPER_DIR; };
		4A4923F91513B2930000D870 /* market.prototypeTests-Info.plist */ = {isa = PBXFileReference; path = "market.prototypeTests-Info.plist"; sourceTree = "<group>"; };
		4A4923FB1513B2930000D870 /* en */ = {isa = PBXFileReference; lastKnownFileType = text.plist.strings; name = en; path = en.lproj/InfoPlist.strings; sourceTree = "<group>"; };
		4A4923FD1513B2930000D870 /* market_prototypeTests.h */ = {isa = PBXFileReference; path = market_prototypeTests.h; sourceTree = "<group>"; };
		4A4923FE1513B2930000D870 /* market_prototypeTests.m */ = {isa = PBXFileReference; lastKnownFileType = sourcecode.c.objc; path = market_prototypeTests.m; sourceTree = "<group>"; };
/* End PBXFileReference section */

/* Begin PBXFrameworksBuildPhase section */
		4A4923CC1513B2930000D870 /* Frameworks */ = {
			isa = PBXFrameworksBuildPhase;
			buildActionMask = 2147483647;
			files = (
				4A4923D41513B2930000D870 /* UIKit.framework in Frameworks */,
				4A4923D61513B2930000D870 /* Foundation.framework in Frameworks */,
				4A4923D81513B2930000D870 /* CoreGraphics.framework in Frameworks */,
			);
			runOnlyForDeploymentPostprocessing = 0;
		};
		4A4923EC1513B2930000D870 /* Frameworks */ = {
			isa = PBXFrameworksBuildPhase;
			buildActionMask = 2147483647;
			files = (
				4A4923F21513B2930000D870 /* SenTestingKit.framework in Frameworks */,
				4A4923F31513B2930000D870 /* UIKit.framework in Frameworks */,
				4A4923F41513B2930000D870 /* Foundation.framework in Frameworks */,
			);
			runOnlyForDeploymentPostprocessing = 0;
		};
/* End PBXFrameworksBuildPhase section */

/* Begin PBXGroup section */
		4A4923C41513B2930000D870 = {
			isa = PBXGroup;
			children = (
				4A4923D91513B2930000D870 /* market.prototype */,
				4A4923F71513B2930000D870 /* market.prototypeTests */,
				4A4923D21513B2930000D870 /* Frameworks */,
				4A4923D01513B2930000D870 /* Products */,
			);
			sourceTree = "<group>";
		};
		4A4923D01513B2930000D870 /* Products */ = {
			isa = PBXGroup;
			children = (
				4A4923CF1513B2930000D870 /* market.prototype.app */,
				4A4923F01513B2930000D870 /* market.prototypeTests.octest */,
			);
			name = Products;
			sourceTree = "<group>";
		};
		4A4923D21513B2930000D870 /* Frameworks */ = {
			isa = PBXGroup;
			children = (
				4A4923D31513B2930000D870 /* UIKit.framework */,
				4A4923D51513B2930000D870 /* Foundation.framework */,
				4A4923D71513B2930000D870 /* CoreGraphics.framework */,
				4A4923F11513B2930000D870 /* SenTestingKit.framework */,
			);
			name = Frameworks;
			sourceTree = "<group>";
		};
		4A4923D91513B2930000D870 /* market.prototype */ = {
			isa = PBXGroup;
			children = (
				4A4923E21513B2930000D870 /* AppDelegate.h */,
				4A4923E31513B2930000D870 /* AppDelegate.m */,
				4A4923E51513B2930000D870 /* MainStoryboard.storyboard */,
				4A4923E81513B2930000D870 /* ViewController.h */,
				4A4923E91513B2930000D870 /* ViewController.m */,
				4A4923DA1513B2930000D870 /* Supporting Files */,
			);
			path = market.prototype;
			sourceTree = "<group>";
		};
		4A4923DA1513B2930000D870 /* Supporting Files */ = {
			isa = PBXGroup;
			children = (
				4A4923DB1513B2930000D870 /* market.prototype-Info.plist */,
				4A4923DC1513B2930000D870 /* InfoPlist.strings */,
				4A4923DF1513B2930000D870 /* main.m */,
				4A4923E11513B2930000D870 /* market.prototype-Prefix.pch */,
			);
			name = "Supporting Files";
			sourceTree = "<group>";
		};
		4A4923F71513B2930000D870 /* market.prototypeTests */ = {
			isa = PBXGroup;
			children = (
				4A4923FD1513B2930000D870 /* market_prototypeTests.h */,
				4A4923FE1513B2930000D870 /* market_prototypeTests.m */,
				4A4923F81513B2930000D870 /* Supporting Files */,
			);
			path = market.prototypeTests;
			sourceTree = "<group>";
		};
		4A4923F81513B2930000D870 /* Supporting Files */ = {
			isa = PBXGroup;
			children = (
				4A4923F91513B2930000D870 /* market.prototypeTests-Info.plist */,
				4A4923FA1513B2930000D870 /* InfoPlist.strings */,
			);
			name = "Supporting Files";
			sourceTree = "<group>";
		};
/* End PBXGroup section */

/* Begin PBXNativeTarget section */
		4A4923CE1513B2930000D870 /* market.prototype */ = {
			isa = PBXNativeTarget;
			buildConfigurationList = 4A4924021513B2930000D870 /* Build configuration list for PBXNativeTarget "market.prototype" */;
			buildPhases = (
				4A4923CB1513B2930000D870 /* Sources */,
				4A4923CC1513B2930000D870 /* Frameworks */,
				4A4923CD1513B2930000D870 /* Resources */,
			);
			buildRules = (
			);
			dependencies = (
			);
			name = market.prototype;
			productName = market.prototype;
			productReference = 4A4923CF1513B2930000D870 /* market.prototype.app */;
			productType = "com.apple.product-type.application";
		};
		4A4923EF1513B2930000D870 /* market.prototypeTests */ = {
			isa = PBXNativeTarget;
			buildConfigurationList = 4A4924051513B2930000D870 /* Build configuration list for PBXNativeTarget "market.prototypeTests" */;
			buildPhases = (
				4A4923EB1513B2930000D870 /* Sources */,
				4A4923EC1513B2930000D870 /* Frameworks */,
				4A4923ED1513B2930000D870 /* Resources */,
				4A4923EE1513B2930000D870 /* ShellScript */,
			);
			buildRules = (
			);
			dependencies = (
				4A4923F61513B2930000D870 /* PBXTargetDependency */,
			);
			name = market.prototypeTests;
			productName = market.prototypeTests;
			productReference = 4A4923F01513B2930000D870 /* market.prototypeTests.octest */;
			productType = "com.apple.product-type.bundle";
		};
/* End PBXNativeTarget section */

/* Begin PBXProject section */
		4A4923C61513B2930000D870 /* Project object */ = {
			isa = PBXProject;
			attributes = {
				LastUpgradeCheck = 0430;
				ORGANIZATIONNAME = NBTUS;
			};
			buildConfigurationList = 4A4923C91513B2930000D870 /* Build configuration list for PBXProject "market.prototype" */;
			compatibilityVersion = "Xcode 3.2";
			developmentRegion = English;
			hasScannedForEncodings = 0;
			knownRegions = (
				en,
			);
			mainGroup = 4A4923C41513B2930000D870;
			productRefGroup = 4A4923D01513B2930000D870 /* Products */;
			projectDirPath = "";
			projectRoot = "";
			targets = (
				4A4923CE1513B2930000D870 /* market.prototype */,
				4A4923EF1513B2930000D870 /* market.prototypeTests */,
			);
		};
/* End PBXProject section */

/* Begin PBXResourcesBuildPhase section */
		4A4923CD1513B2930000D870 /* Resources */ = {
			isa = PBXResourcesBuildPhase;
			buildActionMask = 2147483647;
			files = (
				4A4923DE1513B2930000D870 /* InfoPlist.strings in Resources */,
				4A4923E71513B2930000D870 /* MainStoryboard.storyboard in Resources */,
			);
			runOnlyForDeploymentPostprocessing = 0;
		};
		4A4923ED1513B2930000D870 /* Resources */ = {
			isa = PBXResourcesBuildPhase;
			buildActionMask = 2147483647;
			files = (
				4A4923FC1513B2930000D870 /* InfoPlist.strings in Resources */,
			);
			runOnlyForDeploymentPostprocessing = 0;
		};
/* End PBXResourcesBuildPhase section */

/* Begin PBXShellScriptBuildPhase section */
		4A4923EE1513B2930000D870 /* ShellScript */ = {
			isa = PBXShellScriptBuildPhase;
			buildActionMask = 2147483647;
			files = (
			);
			inputPaths = (
			);
			outputPaths = (
			);
			runOnlyForDeploymentPostprocessing = 0;
			shellPath = /bin/sh;
			shellScript = "# Run the unit tests in this test bundle.\n\"${SYSTEM_DEVELOPER_DIR}/Tools/RunUnitTests\"\n";
		};
/* End PBXShellScriptBuildPhase section */

/* Begin PBXSourcesBuildPhase section */
		4A4923CB1513B2930000D870 /* Sources */ = {
			isa = PBXSourcesBuildPhase;
			buildActionMask = 2147483647;
			files = (
				4A4923E01513B2930000D870 /* main.m in Sources */,
				4A4923E41513B2930000D870 /* AppDelegate.m in Sources */,
				4A4923EA1513B2930000D870 /* ViewController.m in Sources */,
			);
			runOnlyForDeploymentPostprocessing = 0;
		};
		4A4923EB1513B2930000D870 /* Sources */ = {
			isa = PBXSourcesBuildPhase;
			buildActionMask = 2147483647;
			files = (
				4A4923FF1513B2930000D870 /* market_prototypeTests.m in Sources */,
			);
			runOnlyForDeploymentPostprocessing = 0;
		};
/* End PBXSourcesBuildPhase section */

/* Begin PBXTargetDependency section */
		4A4923F61513B2930000D870 /* PBXTargetDependency */ = {
			isa = PBXTargetDependency;
			target = 4A4923CE1513B2930000D870 /* market.prototype */;
			targetProxy = 4A4923F51513B2930000D870 /* PBXContainerItemProxy */;
		};
/* End PBXTargetDependency section */

/* Begin PBXVariantGroup section */
		4A4923DC1513B2930000D870 /* InfoPlist.strings */ = {
			isa = PBXVariantGroup;
			children = (
				4A4923DD1513B2930000D870 /* en */,
			);
			name = InfoPlist.strings;
			sourceTree = "<group>";
		};
		4A4923E51513B2930000D870 /* MainStoryboard.storyboard */ = {
			isa = PBXVariantGroup;
			children = (
				4A4923E61513B2930000D870 /* en */,
			);
			name = MainStoryboard.storyboard;
			sourceTree = "<group>";
		};
		4A4923FA1513B2930000D870 /* InfoPlist.strings */ = {
			isa = PBXVariantGroup;
			children = (
				4A4923FB1513B2930000D870 /* en */,
			);
			name = InfoPlist.strings;
			sourceTree = "<group>";
		};
/* End PBXVariantGroup section */

/* Begin XCBuildConfiguration section */
		4A4924001513B2930000D870 /* Debug */ = {
			isa = XCBuildConfiguration;
			buildSettings = {
				ALWAYS_SEARCH_USER_PATHS = NO;
				ARCHS = "$(ARCHS_STANDARD_32_BIT)";
				CLANG_ENABLE_OBJC_ARC = YES;
				"CODE_SIGN_IDENTITY[sdk=iphoneos*]" = "iPhone Developer";
				COPY_PHASE_STRIP = NO;
				GCC_C_LANGUAGE_STANDARD = gnu99;
				GCC_DYNAMIC_NO_PIC = NO;
				GCC_OPTIMIZATION_LEVEL = 0;
				GCC_PREPROCESSOR_DEFINITIONS = (
					"DEBUG=1",
					"$(inherited)",
				);
				GCC_SYMBOLS_PRIVATE_EXTERN = NO;
				GCC_VERSION = com.apple.compilers.llvm.clang.1_0;
				GCC_WARN_ABOUT_RETURN_TYPE = YES;
				GCC_WARN_UNINITIALIZED_AUTOS = YES;
				GCC_WARN_UNUSED_VARIABLE = YES;
				IPHONEOS_DEPLOYMENT_TARGET = 5.1;
				SDKROOT = iphoneos;
			};
			name = Debug;
		};
		4A4924011513B2930000D870 /* Release */ = {
			isa = XCBuildConfiguration;
			buildSettings = {
				ALWAYS_SEARCH_USER_PATHS = NO;
				ARCHS = "$(ARCHS_STANDARD_32_BIT)";
				CLANG_ENABLE_OBJC_ARC = YES;
				"CODE_SIGN_IDENTITY[sdk=iphoneos*]" = "iPhone Developer";
				COPY_PHASE_STRIP = YES;
				GCC_C_LANGUAGE_STANDARD = gnu99;
				GCC_VERSION = com.apple.compilers.llvm.clang.1_0;
				GCC_WARN_ABOUT_RETURN_TYPE = YES;
				GCC_WARN_UNINITIALIZED_AUTOS = YES;
				GCC_WARN_UNUSED_VARIABLE = YES;
				IPHONEOS_DEPLOYMENT_TARGET = 5.1;
				OTHER_CFLAGS = "-DNS_BLOCK_ASSERTIONS=1";
				SDKROOT = iphoneos;
				VALIDATE_PRODUCT = YES;
			};
			name = Release;
		};
		4A4924031513B2930000D870 /* Debug */ = {
			isa = XCBuildConfiguration;
			buildSettings = {
				GCC_PRECOMPILE_PREFIX_HEADER = YES;
				GCC_PREFIX_HEADER = "market.prototype/market.prototype-Prefix.pch";
				INFOPLIST_FILE = "market.prototype/market.prototype-Info.plist";
				PRODUCT_NAME = "$(TARGET_NAME)";
				WRAPPER_EXTENSION = app;
			};
			name = Debug;
		};
		4A4924041513B2930000D870 /* Release */ = {
			isa = XCBuildConfiguration;
			buildSettings = {
				GCC_PRECOMPILE_PREFIX_HEADER = YES;
				GCC_PREFIX_HEADER = "market.prototype/market.prototype-Prefix.pch";
				INFOPLIST_FILE = "market.prototype/market.prototype-Info.plist";
				PRODUCT_NAME = "$(TARGET_NAME)";
				WRAPPER_EXTENSION = app;
			};
			name = Release;
		};
		4A4924061513B2930000D870 /* Debug */ = {
			isa = XCBuildConfiguration;
			buildSettings = {
				BUNDLE_LOADER = "$(BUILT_PRODUCTS_DIR)/market.prototype.app/market.prototype";
				FRAMEWORK_SEARCH_PATHS = (
					"$(SDKROOT)/Developer/Library/Frameworks",
					"$(DEVELOPER_LIBRARY_DIR)/Frameworks",
				);
				GCC_PRECOMPILE_PREFIX_HEADER = YES;
				GCC_PREFIX_HEADER = "market.prototype/market.prototype-Prefix.pch";
				INFOPLIST_FILE = "market.prototypeTests/market.prototypeTests-Info.plist";
				PRODUCT_NAME = "$(TARGET_NAME)";
				TEST_HOST = "$(BUNDLE_LOADER)";
				WRAPPER_EXTENSION = octest;
			};
			name = Debug;
		};
		4A4924071513B2930000D870 /* Release */ = {
			isa = XCBuildConfiguration;
			buildSettings = {
				BUNDLE_LOADER = "$(BUILT_PRODUCTS_DIR)/market.prototype.app/market.prototype";
				FRAMEWORK_SEARCH_PATHS = (
					"$(SDKROOT)/Developer/Library/Frameworks",
					"$(DEVELOPER_LIBRARY_DIR)/Frameworks",
				);
				GCC_PRECOMPILE_PREFIX_HEADER = YES;
				GCC_PREFIX_HEADER = "market.prototype/market.prototype-Prefix.pch";
				INFOPLIST_FILE = "market.prototypeTests/market.prototypeTests-Info.plist";
				PRODUCT_NAME = "$(TARGET_NAME)";
				TEST_HOST = "$(BUNDLE_LOADER)";
				WRAPPER_EXTENSION = octest;
			};
			name = Release;
		};
/* End XCBuildConfiguration section */

/* Begin XCConfigurationList section */
		4A4923C91513B2930000D870 /* Build configuration list for PBXProject "market.prototype" */ = {
			isa = XCConfigurationList;
			buildConfigurations = (
				4A4924001513B2930000D870 /* Debug */,
				4A4924011513B2930000D870 /* Release */,
			);
			defaultConfigurationIsVisible = 0;
			defaultConfigurationName = Release;
		};
		4A4924021513B2930000D870 /* Build configuration list for PBXNativeTarget "market.prototype" */ = {
			isa = XCConfigurationList;
			buildConfigurations = (
				4A4924031513B2930000D870 /* Debug */,
				4A4924041513B2930000D870 /* Release */,
			);
			defaultConfigurationIsVisible = 0;
		};
		4A4924051513B2930000D870 /* Build configuration list for PBXNativeTarget "market.prototypeTests" */ = {
			isa = XCConfigurationList;
			buildConfigurations = (
				4A4924061513B2930000D870 /* Debug */,
				4A4924071513B2930000D870 /* Release */,
			);
			defaultConfigurationIsVisible = 0;
		};
/* End XCConfigurationList section */
	};
	rootObject = 4A4923C61513B2930000D870 /* Project object */;
}
